
Microsoft Visual Studio Solution File, Format Version 12.00
# Visual Studio Version 17
VisualStudioVersion = 17.8.34322.80
MinimumVisualStudioVersion = 10.0.40219.1
Project("{FAE04EC0-301F-11D3-BF4B-00C04F79EFBC}") = "Subscription Management System", "Subscription Management System\Subscription Management System.csproj", "{D0E62EBD-3C39-47AF-B4C8-FBB56FB16204}"
EndProject
Project("{FAE04EC0-301F-11D3-BF4B-00C04F79EFBC}") = "DAL", "DAL\DAL.csproj", "{C71B2AF0-0910-470C-AC58-F14ABD0A271A}"
EndProject
Project("{FAE04EC0-301F-11D3-BF4B-00C04F79EFBC}") = "BAL", "BAL\BAL.csproj", "{FACD07BE-A0AF-4EF3-8A9B-DD9D8857D894}"
EndProject
Global
	GlobalSection(SolutionConfigurationPlatforms) = preSolution
		Debug|Any CPU = Debug|Any CPU
		Release|Any CPU = Release|Any CPU
	EndGlobalSection
	GlobalSection(ProjectConfigurationPlatforms) = postSolution
		{D0E62EBD-3C39-47AF-B4C8-FBB56FB16204}.Debug|Any CPU.ActiveCfg = Debug|Any CPU
		{D0E62EBD-3C39-47AF-B4C8-FBB56FB16204}.Debug|Any CPU.Build.0 = Debug|Any CPU
		{D0E62EBD-3C39-47AF-B4C8-FBB56FB16204}.Release|Any CPU.ActiveCfg = Release|Any CPU
		{D0E62EBD-3C39-47AF-B4C8-FBB56FB16204}.Release|Any CPU.Build.0 = Release|Any CPU
		{C71B2AF0-0910-470C-AC58-F14ABD0A271A}.Debug|Any CPU.ActiveCfg = Debug|Any CPU
		{C71B2AF0-0910-470C-AC58-F14ABD0A271A}.Debug|Any CPU.Build.0 = Debug|Any CPU
		{C71B2AF0-0910-470C-AC58-F14ABD0A271A}.Release|Any CPU.ActiveCfg = Release|Any CPU
		{C71B2AF0-0910-470C-AC58-F14ABD0A271A}.Release|Any CPU.Build.0 = Release|Any CPU
		{FACD07BE-A0AF-4EF3-8A9B-DD9D8857D894}.Debug|Any CPU.ActiveCfg = Debug|Any CPU
		{FACD07BE-A0AF-4EF3-8A9B-DD9D8857D894}.Debug|Any CPU.Build.0 = Debug|Any CPU
		{FACD07BE-A0AF-4EF3-8A9B-DD9D8857D894}.Release|Any CPU.ActiveCfg = Release|Any CPU
		{FACD07BE-A0AF-4EF3-8A9B-DD9D8857D894}.Release|Any CPU.Build.0 = Release|Any CPU
	EndGlobalSection
	GlobalSection(SolutionProperties) = preSolution
		HideSolutionNode = FALSE
	EndGlobalSection
	GlobalSection(ExtensibilityGlobals) = postSolution
		SolutionGuid = {94E0605E-50C2-424D-BE77-D03679BA1EE8}
	EndGlobalSection
EndGlobal
